
Microsoft Visual Studio Solution File, Format Version 12.00
# Visual Studio Version 17
VisualStudioVersion = 17.0.32126.317
MinimumVisualStudioVersion = 10.0.40219.1
Project("{FAE04EC0-301F-11D3-BF4B-00C04F79EFBC}") = "Task2", "Task2\Task2.csproj", "{F4C82EC3-4228-4D2B-9936-D66324D71AB8}"
EndProject
Project("{FAE04EC0-301F-11D3-BF4B-00C04F79EFBC}") = "Task4", "Task4\Task4.csproj", "{4C41FBDE-8E6C-4087-859B-5FD8F729DB61}"
EndProject
Project("{FAE04EC0-301F-11D3-BF4B-00C04F79EFBC}") = "Task5", "Task5\Task5.csproj", "{59C927C7-5F90-4306-B7DC-13777E9D761D}"
EndProject
Project("{FAE04EC0-301F-11D3-BF4B-00C04F79EFBC}") = "Task1", "Task1\Task1.csproj", "{299B70FC-E3B5-422A-8BCB-5D2A40A8D04C}"
EndProject
Project("{FAE04EC0-301F-11D3-BF4B-00C04F79EFBC}") = "Task3", "Task3\Task3.csproj", "{B63ED4FF-0548-43EA-B2EB-8BB43FB42CBA}"
EndProject
Global
	GlobalSection(SolutionConfigurationPlatforms) = preSolution
		Debug|Any CPU = Debug|Any CPU
		Release|Any CPU = Release|Any CPU
	EndGlobalSection
	GlobalSection(ProjectConfigurationPlatforms) = postSolution
		{F4C82EC3-4228-4D2B-9936-D66324D71AB8}.Debug|Any CPU.ActiveCfg = Debug|Any CPU
		{F4C82EC3-4228-4D2B-9936-D66324D71AB8}.Debug|Any CPU.Build.0 = Debug|Any CPU
		{F4C82EC3-4228-4D2B-9936-D66324D71AB8}.Release|Any CPU.ActiveCfg = Release|Any CPU
		{F4C82EC3-4228-4D2B-9936-D66324D71AB8}.Release|Any CPU.Build.0 = Release|Any CPU
		{4C41FBDE-8E6C-4087-859B-5FD8F729DB61}.Debug|Any CPU.ActiveCfg = Debug|Any CPU
		{4C41FBDE-8E6C-4087-859B-5FD8F729DB61}.Debug|Any CPU.Build.0 = Debug|Any CPU
		{4C41FBDE-8E6C-4087-859B-5FD8F729DB61}.Release|Any CPU.ActiveCfg = Release|Any CPU
		{4C41FBDE-8E6C-4087-859B-5FD8F729DB61}.Release|Any CPU.Build.0 = Release|Any CPU
		{59C927C7-5F90-4306-B7DC-13777E9D761D}.Debug|Any CPU.ActiveCfg = Debug|Any CPU
		{59C927C7-5F90-4306-B7DC-13777E9D761D}.Debug|Any CPU.Build.0 = Debug|Any CPU
		{59C927C7-5F90-4306-B7DC-13777E9D761D}.Release|Any CPU.ActiveCfg = Release|Any CPU
		{59C927C7-5F90-4306-B7DC-13777E9D761D}.Release|Any CPU.Build.0 = Release|Any CPU
		{299B70FC-E3B5-422A-8BCB-5D2A40A8D04C}.Debug|Any CPU.ActiveCfg = Debug|Any CPU
		{299B70FC-E3B5-422A-8BCB-5D2A40A8D04C}.Debug|Any CPU.Build.0 = Debug|Any CPU
		{299B70FC-E3B5-422A-8BCB-5D2A40A8D04C}.Release|Any CPU.ActiveCfg = Release|Any CPU
		{299B70FC-E3B5-422A-8BCB-5D2A40A8D04C}.Release|Any CPU.Build.0 = Release|Any CPU
		{B63ED4FF-0548-43EA-B2EB-8BB43FB42CBA}.Debug|Any CPU.ActiveCfg = Debug|Any CPU
		{B63ED4FF-0548-43EA-B2EB-8BB43FB42CBA}.Debug|Any CPU.Build.0 = Debug|Any CPU
		{B63ED4FF-0548-43EA-B2EB-8BB43FB42CBA}.Release|Any CPU.ActiveCfg = Release|Any CPU
		{B63ED4FF-0548-43EA-B2EB-8BB43FB42CBA}.Release|Any CPU.Build.0 = Release|Any CPU
	EndGlobalSection
	GlobalSection(SolutionProperties) = preSolution
		HideSolutionNode = FALSE
	EndGlobalSection
	GlobalSection(ExtensibilityGlobals) = postSolution
		SolutionGuid = {4A387E7E-E3B1-406B-9DD7-3FD8CAE7164C}
	EndGlobalSection
EndGlobal
